
Microsoft Visual Studio Solution File, Format Version 12.00
# Visual Studio Version 16
VisualStudioVersion = 16.0.29728.190
MinimumVisualStudioVersion = 10.0.40219.1
Project("{FAE04EC0-301F-11D3-BF4B-00C04F79EFBC}") = "GoogleDriveJob", "GoogleDriveJob\GoogleDriveJob.csproj", "{4AFE6F14-0A3D-4EAA-991F-B2D3C261C075}"
EndProject
Project("{FAE04EC0-301F-11D3-BF4B-00C04F79EFBC}") = "Log4NetLibrary", "Log4NetLibrary\Log4NetLibrary.csproj", "{B44C3F28-AAA1-4965-8A84-7EA67149428B}"
EndProject
Global
	GlobalSection(SolutionConfigurationPlatforms) = preSolution
		Debug|Any CPU = Debug|Any CPU
		Release|Any CPU = Release|Any CPU
	EndGlobalSection
	GlobalSection(ProjectConfigurationPlatforms) = postSolution
		{4AFE6F14-0A3D-4EAA-991F-B2D3C261C075}.Debug|Any CPU.ActiveCfg = Debug|Any CPU
		{4AFE6F14-0A3D-4EAA-991F-B2D3C261C075}.Debug|Any CPU.Build.0 = Debug|Any CPU
		{4AFE6F14-0A3D-4EAA-991F-B2D3C261C075}.Release|Any CPU.ActiveCfg = Release|Any CPU
		{4AFE6F14-0A3D-4EAA-991F-B2D3C261C075}.Release|Any CPU.Build.0 = Release|Any CPU
		{B44C3F28-AAA1-4965-8A84-7EA67149428B}.Debug|Any CPU.ActiveCfg = Debug|Any CPU
		{B44C3F28-AAA1-4965-8A84-7EA67149428B}.Debug|Any CPU.Build.0 = Debug|Any CPU
		{B44C3F28-AAA1-4965-8A84-7EA67149428B}.Release|Any CPU.ActiveCfg = Release|Any CPU
		{B44C3F28-AAA1-4965-8A84-7EA67149428B}.Release|Any CPU.Build.0 = Release|Any CPU
	EndGlobalSection
	GlobalSection(SolutionProperties) = preSolution
		HideSolutionNode = FALSE
	EndGlobalSection
	GlobalSection(ExtensibilityGlobals) = postSolution
		SolutionGuid = {309E7660-8A4A-4BB5-9F16-60C8B0A61DA9}
	EndGlobalSection
EndGlobal
