
Microsoft Visual Studio Solution File, Format Version 12.00
# Visual Studio Version 16
VisualStudioVersion = 16.0.29728.190
MinimumVisualStudioVersion = 10.0.40219.1
Project("{9A19103F-16F7-4668-BE54-9A1E7A4F7556}") = "Log4NetLibrary", "Log4NetLibrary\Log4NetLibrary.csproj", "{CC3CAB89-FC52-4219-B187-1D0E51226017}"
EndProject
Project("{9A19103F-16F7-4668-BE54-9A1E7A4F7556}") = "GoogleDriveJob", "GoogleDriveJob\GoogleDriveJob.csproj", "{87F23567-07B8-4DE0-8968-7C3F9D862CEB}"
EndProject
Global
	GlobalSection(SolutionConfigurationPlatforms) = preSolution
		Debug|Any CPU = Debug|Any CPU
		Release|Any CPU = Release|Any CPU
	EndGlobalSection
	GlobalSection(ProjectConfigurationPlatforms) = postSolution
		{CC3CAB89-FC52-4219-B187-1D0E51226017}.Debug|Any CPU.ActiveCfg = Debug|Any CPU
		{CC3CAB89-FC52-4219-B187-1D0E51226017}.Debug|Any CPU.Build.0 = Debug|Any CPU
		{CC3CAB89-FC52-4219-B187-1D0E51226017}.Release|Any CPU.ActiveCfg = Release|Any CPU
		{CC3CAB89-FC52-4219-B187-1D0E51226017}.Release|Any CPU.Build.0 = Release|Any CPU
		{87F23567-07B8-4DE0-8968-7C3F9D862CEB}.Debug|Any CPU.ActiveCfg = Debug|Any CPU
		{87F23567-07B8-4DE0-8968-7C3F9D862CEB}.Debug|Any CPU.Build.0 = Debug|Any CPU
		{87F23567-07B8-4DE0-8968-7C3F9D862CEB}.Release|Any CPU.ActiveCfg = Release|Any CPU
		{87F23567-07B8-4DE0-8968-7C3F9D862CEB}.Release|Any CPU.Build.0 = Release|Any CPU
	EndGlobalSection
	GlobalSection(SolutionProperties) = preSolution
		HideSolutionNode = FALSE
	EndGlobalSection
	GlobalSection(ExtensibilityGlobals) = postSolution
		SolutionGuid = {41EF540E-6867-40E2-9111-1C5501418A94}
	EndGlobalSection
EndGlobal
